
Microsoft Visual Studio Solution File, Format Version 12.00
# Visual Studio 15
VisualStudioVersion = 15.0.28010.2048
MinimumVisualStudioVersion = 10.0.40219.1
Project("{9A19103F-16F7-4668-BE54-9A1E7A4F7556}") = "GildedRose", "GildedRose\GildedRose.csproj", "{3C6DA43E-2E9C-4425-9549-2E0DE3A77D88}"
EndProject
Project("{9A19103F-16F7-4668-BE54-9A1E7A4F7556}") = "GildedRose.Tests", "GildedRose.Tests\GildedRose.Tests.csproj", "{538EA839-B33E-4B6E-ABD5-08F2CF898C86}"
EndProject
Global
	GlobalSection(SolutionConfigurationPlatforms) = preSolution
		Debug|Any CPU = Debug|Any CPU
		Release|Any CPU = Release|Any CPU
	EndGlobalSection
	GlobalSection(ProjectConfigurationPlatforms) = postSolution
		{3C6DA43E-2E9C-4425-9549-2E0DE3A77D88}.Debug|Any CPU.ActiveCfg = Debug|Any CPU
		{3C6DA43E-2E9C-4425-9549-2E0DE3A77D88}.Debug|Any CPU.Build.0 = Debug|Any CPU
		{3C6DA43E-2E9C-4425-9549-2E0DE3A77D88}.Release|Any CPU.ActiveCfg = Release|Any CPU
		{3C6DA43E-2E9C-4425-9549-2E0DE3A77D88}.Release|Any CPU.Build.0 = Release|Any CPU
		{538EA839-B33E-4B6E-ABD5-08F2CF898C86}.Debug|Any CPU.ActiveCfg = Debug|Any CPU
		{538EA839-B33E-4B6E-ABD5-08F2CF898C86}.Debug|Any CPU.Build.0 = Debug|Any CPU
		{538EA839-B33E-4B6E-ABD5-08F2CF898C86}.Release|Any CPU.ActiveCfg = Release|Any CPU
		{538EA839-B33E-4B6E-ABD5-08F2CF898C86}.Release|Any CPU.Build.0 = Release|Any CPU
	EndGlobalSection
	GlobalSection(SolutionProperties) = preSolution
		HideSolutionNode = FALSE
	EndGlobalSection
	GlobalSection(ExtensibilityGlobals) = postSolution
		SolutionGuid = {A6F8BDD0-BA8F-4716-8AF2-B20630363E47}
	EndGlobalSection
EndGlobal
